PODS:
  - ACThumbnailGenerator-Swift (1.0.0)

DEPENDENCIES:
  - ACThumbnailGenerator-Swift (from `../`)

EXTERNAL SOURCES:
  ACThumbnailGenerator-Swift:
    :path: "../"

SPEC CHECKSUMS:
  ACThumbnailGenerator-Swift: a0b274d349f73f08bdbd76ede63a1b5b32694e52

PODFILE CHECKSUM: 767b37e528dd2f8dd6347c17b5bf6d579e0c63ee

COCOAPODS: 1.5.3
